
Microsoft Visual Studio Solution File, Format Version 12.00
# Visual Studio Version 17
VisualStudioVersion = 17.14.37203.1
MinimumVisualStudioVersion = 10.0.40219.1
Project("{FAE04EC0-301F-11D3-BF4B-00C04F79EFBC}") = "Decode.Data", "Decode.Data\Decode.Data\Decode.Data.csproj", "{67522D1E-35B9-B018-C5F1-383EEAAF95A1}"
EndProject
Project("{FAE04EC0-301F-11D3-BF4B-00C04F79EFBC}") = "Decode.Data.Abstractions", "Decode.Data.Abstractions\Decode.Data.Abstractions.csproj", "{8B7B0A1A-402D-417D-8079-12D511FA5C8D}"
EndProject
Project("{FAE04EC0-301F-11D3-BF4B-00C04F79EFBC}") = "Decode.Notifications", "Decode.Notifications\Decode.Notifications.csproj", "{C59F0C3D-E1AD-4CBD-91F4-79968787C692}"
EndProject
Project("{FAE04EC0-301F-11D3-BF4B-00C04F79EFBC}") = "Decode.Notifications.FluentValidation", "Decode.Notifications.FluentValidation\Decode.Notifications.FluentValidation.csproj", "{ECC311CD-59F0-45EB-937D-8FC847A1A8A6}"
EndProject
Project("{FAE04EC0-301F-11D3-BF4B-00C04F79EFBC}") = "Decode.Extensions.Options", "Decode.Extensions.Options\Decode.Extensions.Options.csproj", "{B73C77E0-5D0A-4305-979A-CCDE99C2AD06}"
EndProject
Project("{FAE04EC0-301F-11D3-BF4B-00C04F79EFBC}") = "Decode.Extensions", "Decode.Extensions\Decode.Extensions.csproj", "{2B252800-0FAD-48B6-A9A2-389527076E8F}"
EndProject
Project("{FAE04EC0-301F-11D3-BF4B-00C04F79EFBC}") = "Decode.Cryptography", "Decode.Cryptography\Decode.Cryptography.csproj", "{FCCB8D4E-0518-436B-AE8A-352A38F97069}"
EndProject
Project("{FAE04EC0-301F-11D3-BF4B-00C04F79EFBC}") = "Decode.Security.Jwt.Abstractions", "Decode.Security.Jwt.Abstractions\Decode.Security.Jwt.Abstractions.csproj", "{2C54ADCC-868A-4749-B128-91040CB24AC2}"
EndProject
Project("{FAE04EC0-301F-11D3-BF4B-00C04F79EFBC}") = "Decode.Security.Jwt", "Decode.Security.Jwt\Decode.Security.Jwt.csproj", "{8961A292-8E92-499C-8E27-AB42392BF303}"
EndProject
Project("{FAE04EC0-301F-11D3-BF4B-00C04F79EFBC}") = "Decode.AspNetCore", "Decode.AspNetCore\Decode.AspNetCore.csproj", "{427C843B-8A6C-4C93-A1D8-0184E246E8A6}"
EndProject
Global
	GlobalSection(SolutionConfigurationPlatforms) = preSolution
		Debug|Any CPU = Debug|Any CPU
		Debug|x64 = Debug|x64
		Debug|x86 = Debug|x86
		Release|Any CPU = Release|Any CPU
		Release|x64 = Release|x64
		Release|x86 = Release|x86
	EndGlobalSection
	GlobalSection(ProjectConfigurationPlatforms) = postSolution
		{67522D1E-35B9-B018-C5F1-383EEAAF95A1}.Debug|Any CPU.ActiveCfg = Debug|Any CPU
		{67522D1E-35B9-B018-C5F1-383EEAAF95A1}.Debug|Any CPU.Build.0 = Debug|Any CPU
		{67522D1E-35B9-B018-C5F1-383EEAAF95A1}.Debug|x64.ActiveCfg = Debug|Any CPU
		{67522D1E-35B9-B018-C5F1-383EEAAF95A1}.Debug|x64.Build.0 = Debug|Any CPU
		{67522D1E-35B9-B018-C5F1-383EEAAF95A1}.Debug|x86.ActiveCfg = Debug|Any CPU
		{67522D1E-35B9-B018-C5F1-383EEAAF95A1}.Debug|x86.Build.0 = Debug|Any CPU
		{67522D1E-35B9-B018-C5F1-383EEAAF95A1}.Release|Any CPU.ActiveCfg = Release|Any CPU
		{67522D1E-35B9-B018-C5F1-383EEAAF95A1}.Release|Any CPU.Build.0 = Release|Any CPU
		{67522D1E-35B9-B018-C5F1-383EEAAF95A1}.Release|x64.ActiveCfg = Release|Any CPU
		{67522D1E-35B9-B018-C5F1-383EEAAF95A1}.Release|x64.Build.0 = Release|Any CPU
		{67522D1E-35B9-B018-C5F1-383EEAAF95A1}.Release|x86.ActiveCfg = Release|Any CPU
		{67522D1E-35B9-B018-C5F1-383EEAAF95A1}.Release|x86.Build.0 = Release|Any CPU
		{8B7B0A1A-402D-417D-8079-12D511FA5C8D}.Debug|Any CPU.ActiveCfg = Debug|Any CPU
		{8B7B0A1A-402D-417D-8079-12D511FA5C8D}.Debug|Any CPU.Build.0 = Debug|Any CPU
		{8B7B0A1A-402D-417D-8079-12D511FA5C8D}.Debug|x64.ActiveCfg = Debug|Any CPU
		{8B7B0A1A-402D-417D-8079-12D511FA5C8D}.Debug|x64.Build.0 = Debug|Any CPU
		{8B7B0A1A-402D-417D-8079-12D511FA5C8D}.Debug|x86.ActiveCfg = Debug|Any CPU
		{8B7B0A1A-402D-417D-8079-12D511FA5C8D}.Debug|x86.Build.0 = Debug|Any CPU
		{8B7B0A1A-402D-417D-8079-12D511FA5C8D}.Release|Any CPU.ActiveCfg = Release|Any CPU
		{8B7B0A1A-402D-417D-8079-12D511FA5C8D}.Release|Any CPU.Build.0 = Release|Any CPU
		{8B7B0A1A-402D-417D-8079-12D511FA5C8D}.Release|x64.ActiveCfg = Release|Any CPU
		{8B7B0A1A-402D-417D-8079-12D511FA5C8D}.Release|x64.Build.0 = Release|Any CPU
		{8B7B0A1A-402D-417D-8079-12D511FA5C8D}.Release|x86.ActiveCfg = Release|Any CPU
		{8B7B0A1A-402D-417D-8079-12D511FA5C8D}.Release|x86.Build.0 = Release|Any CPU
		{C59F0C3D-E1AD-4CBD-91F4-79968787C692}.Debug|Any CPU.ActiveCfg = Debug|Any CPU
		{C59F0C3D-E1AD-4CBD-91F4-79968787C692}.Debug|Any CPU.Build.0 = Debug|Any CPU
		{C59F0C3D-E1AD-4CBD-91F4-79968787C692}.Debug|x64.ActiveCfg = Debug|Any CPU
		{C59F0C3D-E1AD-4CBD-91F4-79968787C692}.Debug|x64.Build.0 = Debug|Any CPU
		{C59F0C3D-E1AD-4CBD-91F4-79968787C692}.Debug|x86.ActiveCfg = Debug|Any CPU
		{C59F0C3D-E1AD-4CBD-91F4-79968787C692}.Debug|x86.Build.0 = Debug|Any CPU
		{C59F0C3D-E1AD-4CBD-91F4-79968787C692}.Release|Any CPU.ActiveCfg = Release|Any CPU
		{C59F0C3D-E1AD-4CBD-91F4-79968787C692}.Release|Any CPU.Build.0 = Release|Any CPU
		{C59F0C3D-E1AD-4CBD-91F4-79968787C692}.Release|x64.ActiveCfg = Release|Any CPU
		{C59F0C3D-E1AD-4CBD-91F4-79968787C692}.Release|x64.Build.0 = Release|Any CPU
		{C59F0C3D-E1AD-4CBD-91F4-79968787C692}.Release|x86.ActiveCfg = Release|Any CPU
		{C59F0C3D-E1AD-4CBD-91F4-79968787C692}.Release|x86.Build.0 = Release|Any CPU
		{ECC311CD-59F0-45EB-937D-8FC847A1A8A6}.Debug|Any CPU.ActiveCfg = Debug|Any CPU
		{ECC311CD-59F0-45EB-937D-8FC847A1A8A6}.Debug|Any CPU.Build.0 = Debug|Any CPU
		{ECC311CD-59F0-45EB-937D-8FC847A1A8A6}.Debug|x64.ActiveCfg = Debug|Any CPU
		{ECC311CD-59F0-45EB-937D-8FC847A1A8A6}.Debug|x64.Build.0 = Debug|Any CPU
		{ECC311CD-59F0-45EB-937D-8FC847A1A8A6}.Debug|x86.ActiveCfg = Debug|Any CPU
		{ECC311CD-59F0-45EB-937D-8FC847A1A8A6}.Debug|x86.Build.0 = Debug|Any CPU
		{ECC311CD-59F0-45EB-937D-8FC847A1A8A6}.Release|Any CPU.ActiveCfg = Release|Any CPU
		{ECC311CD-59F0-45EB-937D-8FC847A1A8A6}.Release|Any CPU.Build.0 = Release|Any CPU
		{ECC311CD-59F0-45EB-937D-8FC847A1A8A6}.Release|x64.ActiveCfg = Release|Any CPU
		{ECC311CD-59F0-45EB-937D-8FC847A1A8A6}.Release|x64.Build.0 = Release|Any CPU
		{ECC311CD-59F0-45EB-937D-8FC847A1A8A6}.Release|x86.ActiveCfg = Release|Any CPU
		{ECC311CD-59F0-45EB-937D-8FC847A1A8A6}.Release|x86.Build.0 = Release|Any CPU
		{B73C77E0-5D0A-4305-979A-CCDE99C2AD06}.Debug|Any CPU.ActiveCfg = Debug|Any CPU
		{B73C77E0-5D0A-4305-979A-CCDE99C2AD06}.Debug|Any CPU.Build.0 = Debug|Any CPU
		{B73C77E0-5D0A-4305-979A-CCDE99C2AD06}.Debug|x64.ActiveCfg = Debug|Any CPU
		{B73C77E0-5D0A-4305-979A-CCDE99C2AD06}.Debug|x64.Build.0 = Debug|Any CPU
		{B73C77E0-5D0A-4305-979A-CCDE99C2AD06}.Debug|x86.ActiveCfg = Debug|Any CPU
		{B73C77E0-5D0A-4305-979A-CCDE99C2AD06}.Debug|x86.Build.0 = Debug|Any CPU
		{B73C77E0-5D0A-4305-979A-CCDE99C2AD06}.Release|Any CPU.ActiveCfg = Release|Any CPU
		{B73C77E0-5D0A-4305-979A-CCDE99C2AD06}.Release|Any CPU.Build.0 = Release|Any CPU
		{B73C77E0-5D0A-4305-979A-CCDE99C2AD06}.Release|x64.ActiveCfg = Release|Any CPU
		{B73C77E0-5D0A-4305-979A-CCDE99C2AD06}.Release|x64.Build.0 = Release|Any CPU
		{B73C77E0-5D0A-4305-979A-CCDE99C2AD06}.Release|x86.ActiveCfg = Release|Any CPU
		{B73C77E0-5D0A-4305-979A-CCDE99C2AD06}.Release|x86.Build.0 = Release|Any CPU
		{2B252800-0FAD-48B6-A9A2-389527076E8F}.Debug|Any CPU.ActiveCfg = Debug|Any CPU
		{2B252800-0FAD-48B6-A9A2-389527076E8F}.Debug|Any CPU.Build.0 = Debug|Any CPU
		{2B252800-0FAD-48B6-A9A2-389527076E8F}.Debug|x64.ActiveCfg = Debug|Any CPU
		{2B252800-0FAD-48B6-A9A2-389527076E8F}.Debug|x64.Build.0 = Debug|Any CPU
		{2B252800-0FAD-48B6-A9A2-389527076E8F}.Debug|x86.ActiveCfg = Debug|Any CPU
		{2B252800-0FAD-48B6-A9A2-389527076E8F}.Debug|x86.Build.0 = Debug|Any CPU
		{2B252800-0FAD-48B6-A9A2-389527076E8F}.Release|Any CPU.ActiveCfg = Release|Any CPU
		{2B252800-0FAD-48B6-A9A2-389527076E8F}.Release|Any CPU.Build.0 = Release|Any CPU
		{2B252800-0FAD-48B6-A9A2-389527076E8F}.Release|x64.ActiveCfg = Release|Any CPU
		{2B252800-0FAD-48B6-A9A2-389527076E8F}.Release|x64.Build.0 = Release|Any CPU
		{2B252800-0FAD-48B6-A9A2-389527076E8F}.Release|x86.ActiveCfg = Release|Any CPU
		{2B252800-0FAD-48B6-A9A2-389527076E8F}.Release|x86.Build.0 = Release|Any CPU
		{FCCB8D4E-0518-436B-AE8A-352A38F97069}.Debug|Any CPU.ActiveCfg = Debug|Any CPU
		{FCCB8D4E-0518-436B-AE8A-352A38F97069}.Debug|Any CPU.Build.0 = Debug|Any CPU
		{FCCB8D4E-0518-436B-AE8A-352A38F97069}.Debug|x64.ActiveCfg = Debug|Any CPU
		{FCCB8D4E-0518-436B-AE8A-352A38F97069}.Debug|x64.Build.0 = Debug|Any CPU
		{FCCB8D4E-0518-436B-AE8A-352A38F97069}.Debug|x86.ActiveCfg = Debug|Any CPU
		{FCCB8D4E-0518-436B-AE8A-352A38F97069}.Debug|x86.Build.0 = Debug|Any CPU
		{FCCB8D4E-0518-436B-AE8A-352A38F97069}.Release|Any CPU.ActiveCfg = Release|Any CPU
		{FCCB8D4E-0518-436B-AE8A-352A38F97069}.Release|Any CPU.Build.0 = Release|Any CPU
		{FCCB8D4E-0518-436B-AE8A-352A38F97069}.Release|x64.ActiveCfg = Release|Any CPU
		{FCCB8D4E-0518-436B-AE8A-352A38F97069}.Release|x64.Build.0 = Release|Any CPU
		{FCCB8D4E-0518-436B-AE8A-352A38F97069}.Release|x86.ActiveCfg = Release|Any CPU
		{FCCB8D4E-0518-436B-AE8A-352A38F97069}.Release|x86.Build.0 = Release|Any CPU
		{2C54ADCC-868A-4749-B128-91040CB24AC2}.Debug|Any CPU.ActiveCfg = Debug|Any CPU
		{2C54ADCC-868A-4749-B128-91040CB24AC2}.Debug|Any CPU.Build.0 = Debug|Any CPU
		{2C54ADCC-868A-4749-B128-91040CB24AC2}.Debug|x64.ActiveCfg = Debug|Any CPU
		{2C54ADCC-868A-4749-B128-91040CB24AC2}.Debug|x64.Build.0 = Debug|Any CPU
		{2C54ADCC-868A-4749-B128-91040CB24AC2}.Debug|x86.ActiveCfg = Debug|Any CPU
		{2C54ADCC-868A-4749-B128-91040CB24AC2}.Debug|x86.Build.0 = Debug|Any CPU
		{2C54ADCC-868A-4749-B128-91040CB24AC2}.Release|Any CPU.ActiveCfg = Release|Any CPU
		{2C54ADCC-868A-4749-B128-91040CB24AC2}.Release|Any CPU.Build.0 = Release|Any CPU
		{2C54ADCC-868A-4749-B128-91040CB24AC2}.Release|x64.ActiveCfg = Release|Any CPU
		{2C54ADCC-868A-4749-B128-91040CB24AC2}.Release|x64.Build.0 = Release|Any CPU
		{2C54ADCC-868A-4749-B128-91040CB24AC2}.Release|x86.ActiveCfg = Release|Any CPU
		{2C54ADCC-868A-4749-B128-91040CB24AC2}.Release|x86.Build.0 = Release|Any CPU
		{8961A292-8E92-499C-8E27-AB42392BF303}.Debug|Any CPU.ActiveCfg = Debug|Any CPU
		{8961A292-8E92-499C-8E27-AB42392BF303}.Debug|Any CPU.Build.0 = Debug|Any CPU
		{8961A292-8E92-499C-8E27-AB42392BF303}.Debug|x64.ActiveCfg = Debug|Any CPU
		{8961A292-8E92-499C-8E27-AB42392BF303}.Debug|x64.Build.0 = Debug|Any CPU
		{8961A292-8E92-499C-8E27-AB42392BF303}.Debug|x86.ActiveCfg = Debug|Any CPU
		{8961A292-8E92-499C-8E27-AB42392BF303}.Debug|x86.Build.0 = Debug|Any CPU
		{8961A292-8E92-499C-8E27-AB42392BF303}.Release|Any CPU.ActiveCfg = Release|Any CPU
		{8961A292-8E92-499C-8E27-AB42392BF303}.Release|Any CPU.Build.0 = Release|Any CPU
		{8961A292-8E92-499C-8E27-AB42392BF303}.Release|x64.ActiveCfg = Release|Any CPU
		{8961A292-8E92-499C-8E27-AB42392BF303}.Release|x64.Build.0 = Release|Any CPU
		{8961A292-8E92-499C-8E27-AB42392BF303}.Release|x86.ActiveCfg = Release|Any CPU
		{8961A292-8E92-499C-8E27-AB42392BF303}.Release|x86.Build.0 = Release|Any CPU
		{427C843B-8A6C-4C93-A1D8-0184E246E8A6}.Debug|Any CPU.ActiveCfg = Debug|Any CPU
		{427C843B-8A6C-4C93-A1D8-0184E246E8A6}.Debug|Any CPU.Build.0 = Debug|Any CPU
		{427C843B-8A6C-4C93-A1D8-0184E246E8A6}.Debug|x64.ActiveCfg = Debug|Any CPU
		{427C843B-8A6C-4C93-A1D8-0184E246E8A6}.Debug|x64.Build.0 = Debug|Any CPU
		{427C843B-8A6C-4C93-A1D8-0184E246E8A6}.Debug|x86.ActiveCfg = Debug|Any CPU
		{427C843B-8A6C-4C93-A1D8-0184E246E8A6}.Debug|x86.Build.0 = Debug|Any CPU
		{427C843B-8A6C-4C93-A1D8-0184E246E8A6}.Release|Any CPU.ActiveCfg = Release|Any CPU
		{427C843B-8A6C-4C93-A1D8-0184E246E8A6}.Release|Any CPU.Build.0 = Release|Any CPU
		{427C843B-8A6C-4C93-A1D8-0184E246E8A6}.Release|x64.ActiveCfg = Release|Any CPU
		{427C843B-8A6C-4C93-A1D8-0184E246E8A6}.Release|x64.Build.0 = Release|Any CPU
		{427C843B-8A6C-4C93-A1D8-0184E246E8A6}.Release|x86.ActiveCfg = Release|Any CPU
		{427C843B-8A6C-4C93-A1D8-0184E246E8A6}.Release|x86.Build.0 = Release|Any CPU
	EndGlobalSection
	GlobalSection(SolutionProperties) = preSolution
		HideSolutionNode = FALSE
	EndGlobalSection
	GlobalSection(ExtensibilityGlobals) = postSolution
		SolutionGuid = {237191DF-15BC-48A6-8E80-01F3BA79E33F}
	EndGlobalSection
EndGlobal
